
Microsoft Visual Studio Solution File, Format Version 12.00
# Visual Studio Version 17
VisualStudioVersion = 17.5.33516.290
MinimumVisualStudioVersion = 10.0.40219.1
Project("{FAE04EC0-301F-11D3-BF4B-00C04F79EFBC}") = "R52_M10_Class_07_Work_01", "R52_M10_Class_07_Work_01\R52_M10_Class_07_Work_01.csproj", "{B7ACB748-9658-408F-8C97-7C03BF3ED6EA}"
EndProject
Project("{FAE04EC0-301F-11D3-BF4B-00C04F79EFBC}") = "R52_M10_Class_07_Work_02", "R52_M10_Class_07_Work_02\R52_M10_Class_07_Work_02.csproj", "{44B5195F-CA5F-42DE-A621-F13890605521}"
EndProject
Global
	GlobalSection(SolutionConfigurationPlatforms) = preSolution
		Debug|Any CPU = Debug|Any CPU
		Release|Any CPU = Release|Any CPU
	EndGlobalSection
	GlobalSection(ProjectConfigurationPlatforms) = postSolution
		{B7ACB748-9658-408F-8C97-7C03BF3ED6EA}.Debug|Any CPU.ActiveCfg = Debug|Any CPU
		{B7ACB748-9658-408F-8C97-7C03BF3ED6EA}.Debug|Any CPU.Build.0 = Debug|Any CPU
		{B7ACB748-9658-408F-8C97-7C03BF3ED6EA}.Release|Any CPU.ActiveCfg = Release|Any CPU
		{B7ACB748-9658-408F-8C97-7C03BF3ED6EA}.Release|Any CPU.Build.0 = Release|Any CPU
		{44B5195F-CA5F-42DE-A621-F13890605521}.Debug|Any CPU.ActiveCfg = Debug|Any CPU
		{44B5195F-CA5F-42DE-A621-F13890605521}.Debug|Any CPU.Build.0 = Debug|Any CPU
		{44B5195F-CA5F-42DE-A621-F13890605521}.Release|Any CPU.ActiveCfg = Release|Any CPU
		{44B5195F-CA5F-42DE-A621-F13890605521}.Release|Any CPU.Build.0 = Release|Any CPU
	EndGlobalSection
	GlobalSection(SolutionProperties) = preSolution
		HideSolutionNode = FALSE
	EndGlobalSection
	GlobalSection(ExtensibilityGlobals) = postSolution
		SolutionGuid = {BA26C428-E84E-4B31-BF61-664F2AA0E643}
	EndGlobalSection
EndGlobal
